
Microsoft Visual Studio Solution File, Format Version 12.00
Project("{2150E333-8FDC-42A3-9474-1A3956D46DE8}") = "creational-patterns", "creational-patterns", "{9ABAB97D-1416-42BF-A1C1-22D056660551}"
EndProject
Project("{2150E333-8FDC-42A3-9474-1A3956D46DE8}") = "singleton", "singleton", "{3F63069B-97B6-4C44-BF8D-AD2D7AFC0CCB}"
EndProject
Project("{FAE04EC0-301F-11D3-BF4B-00C04F79EFBC}") = "Practice", "creational-patterns\singleton\Practice\Practice.csproj", "{1ADED96C-6A35-437D-9051-B672ADAF419F}"
EndProject
Project("{FAE04EC0-301F-11D3-BF4B-00C04F79EFBC}") = "Asynchronous", "creational-patterns\singleton\Asynchronous\Asynchronous.csproj", "{EBAB1526-FEF0-4FEE-BE69-75C80509F56C}"
EndProject
Project("{FAE04EC0-301F-11D3-BF4B-00C04F79EFBC}") = "AspNetCore_Example", "creational-patterns\singleton\AspNetCore_Example\AspNetCore_Example.csproj", "{A99887CD-01A7-426B-B1F7-9D0C5BA47C99}"
EndProject
Project("{2150E333-8FDC-42A3-9474-1A3956D46DE8}") = "factory", "factory", "{0F82B218-F392-4E83-AC4E-22610AC8FCC9}"
EndProject
Project("{FAE04EC0-301F-11D3-BF4B-00C04F79EFBC}") = "Practice", "creational-patterns\factory\Practice\Practice.csproj", "{A1404E6A-3520-4364-8AEF-31909583D33C}"
EndProject
Project("{2150E333-8FDC-42A3-9474-1A3956D46DE8}") = "factory-method", "factory-method", "{E2084CA4-52A1-4E85-BD3C-2D2B593B2AE0}"
EndProject
Project("{FAE04EC0-301F-11D3-BF4B-00C04F79EFBC}") = "SingletonFactoryMethod", "creational-patterns\factory-method\SingletonFactoryMethod\SingletonFactoryMethod.csproj", "{05A57D42-C509-40EB-BF05-B1F919F95FCF}"
EndProject
Project("{FAE04EC0-301F-11D3-BF4B-00C04F79EFBC}") = "Example", "creational-patterns\factory-method\Example\Example.csproj", "{50577F5F-AC0E-43BE-9D4A-5679CA0A4819}"
EndProject
Project("{2150E333-8FDC-42A3-9474-1A3956D46DE8}") = "abstract-factory", "abstract-factory", "{77F68C85-1E19-42BB-9C6D-1B2D9535F4FF}"
EndProject
Project("{FAE04EC0-301F-11D3-BF4B-00C04F79EFBC}") = "Practice", "creational-patterns\abstract-factory\Practice\Practice.csproj", "{DD621743-B05D-4AD5-A38C-826AF75DFB57}"
EndProject
Project("{FAE04EC0-301F-11D3-BF4B-00C04F79EFBC}") = "AbstractFactoryMethod", "creational-patterns\abstract-factory\AbstractFactoryMethod\AbstractFactoryMethod.csproj", "{2918C57C-4BE0-4F34-9668-AF9FFC39AA9B}"
EndProject
Project("{FAE04EC0-301F-11D3-BF4B-00C04F79EFBC}") = "Example", "creational-patterns\abstract-factory\Example\Example.csproj", "{4B542CF5-241F-4569-9236-E453A80C9400}"
EndProject
Project("{FAE04EC0-301F-11D3-BF4B-00C04F79EFBC}") = "Example_2", "creational-patterns\abstract-factory\Example_2\Example_2.csproj", "{37BBCBE0-8B56-44C3-BD98-FFC41C546F85}"
EndProject
Project("{2150E333-8FDC-42A3-9474-1A3956D46DE8}") = "prototype", "prototype", "{45BA0E4D-320A-48B3-8929-F6D111392D36}"
EndProject
Project("{FAE04EC0-301F-11D3-BF4B-00C04F79EFBC}") = "Practice", "creational-patterns\prototype\Practice\Practice.csproj", "{7F4E1E4A-5B1E-4B39-B933-DA06B8AD5CAF}"
EndProject
Project("{FAE04EC0-301F-11D3-BF4B-00C04F79EFBC}") = "Example", "creational-patterns\prototype\Example\Example.csproj", "{64BEDF32-DC78-40AD-BE36-D904FD2C6594}"
EndProject
Project("{2150E333-8FDC-42A3-9474-1A3956D46DE8}") = "object-pool", "object-pool", "{A94C2B7E-21EC-4858-B2E0-779E7629149A}"
EndProject
Project("{FAE04EC0-301F-11D3-BF4B-00C04F79EFBC}") = "Practice", "creational-patterns\object-pool\Practice\Practice.csproj", "{774C8010-9F6B-4EF1-9CF6-02C4CF11D499}"
EndProject
Project("{FAE04EC0-301F-11D3-BF4B-00C04F79EFBC}") = "Singleton", "creational-patterns\object-pool\Singleton\Singleton.csproj", "{0385D900-ED1A-4569-9F45-42BCD0E64BB3}"
EndProject
Project("{FAE04EC0-301F-11D3-BF4B-00C04F79EFBC}") = "Asynchronous", "creational-patterns\object-pool\Asynchronous\Asynchronous.csproj", "{63C25C49-0C4C-4BCA-BEEB-AE1AABAE1D83}"
EndProject
Project("{FAE04EC0-301F-11D3-BF4B-00C04F79EFBC}") = "Extension", "creational-patterns\object-pool\Extension\Extension.csproj", "{375DD9EA-89BB-4CC2-98B3-6A153605F3E1}"
EndProject
Project("{FAE04EC0-301F-11D3-BF4B-00C04F79EFBC}") = "AspNetCore_Example", "creational-patterns\object-pool\AspNetCore_Example\AspNetCore_Example.csproj", "{ED31909A-D9F6-4F4D-9089-E3C530554AEB}"
EndProject
Project("{2150E333-8FDC-42A3-9474-1A3956D46DE8}") = "builder", "builder", "{8D997177-38E3-4A25-AEC5-0DDAA9B1EF0F}"
EndProject
Project("{FAE04EC0-301F-11D3-BF4B-00C04F79EFBC}") = "Interface_Example", "creational-patterns\builder\Interface_Example\Interface_Example.csproj", "{4EC6CD90-F387-4BCC-9E98-078B7D315FF8}"
EndProject
Project("{FAE04EC0-301F-11D3-BF4B-00C04F79EFBC}") = "Abstract_Class_Example", "creational-patterns\builder\Abstract_Class_Example\Abstract_Class_Example.csproj", "{87969FC3-FED5-48C0-9A2F-A268B6319067}"
EndProject
Project("{FAE04EC0-301F-11D3-BF4B-00C04F79EFBC}") = "Builder_Factory_Method_Pattern", "creational-patterns\builder\Builder_Factory_Method_Pattern\Builder_Factory_Method_Pattern.csproj", "{E8082BDA-9F2B-4362-AC3F-FE0FF7E00058}"
EndProject
Global
	GlobalSection(SolutionConfigurationPlatforms) = preSolution
		Debug|Any CPU = Debug|Any CPU
		Release|Any CPU = Release|Any CPU
	EndGlobalSection
	GlobalSection(NestedProjects) = preSolution
		{3F63069B-97B6-4C44-BF8D-AD2D7AFC0CCB} = {9ABAB97D-1416-42BF-A1C1-22D056660551}
		{1ADED96C-6A35-437D-9051-B672ADAF419F} = {3F63069B-97B6-4C44-BF8D-AD2D7AFC0CCB}
		{EBAB1526-FEF0-4FEE-BE69-75C80509F56C} = {3F63069B-97B6-4C44-BF8D-AD2D7AFC0CCB}
		{A99887CD-01A7-426B-B1F7-9D0C5BA47C99} = {3F63069B-97B6-4C44-BF8D-AD2D7AFC0CCB}
		{0F82B218-F392-4E83-AC4E-22610AC8FCC9} = {9ABAB97D-1416-42BF-A1C1-22D056660551}
		{A1404E6A-3520-4364-8AEF-31909583D33C} = {0F82B218-F392-4E83-AC4E-22610AC8FCC9}
		{E2084CA4-52A1-4E85-BD3C-2D2B593B2AE0} = {9ABAB97D-1416-42BF-A1C1-22D056660551}
		{05A57D42-C509-40EB-BF05-B1F919F95FCF} = {E2084CA4-52A1-4E85-BD3C-2D2B593B2AE0}
		{50577F5F-AC0E-43BE-9D4A-5679CA0A4819} = {E2084CA4-52A1-4E85-BD3C-2D2B593B2AE0}
		{77F68C85-1E19-42BB-9C6D-1B2D9535F4FF} = {9ABAB97D-1416-42BF-A1C1-22D056660551}
		{DD621743-B05D-4AD5-A38C-826AF75DFB57} = {77F68C85-1E19-42BB-9C6D-1B2D9535F4FF}
		{2918C57C-4BE0-4F34-9668-AF9FFC39AA9B} = {77F68C85-1E19-42BB-9C6D-1B2D9535F4FF}
		{4B542CF5-241F-4569-9236-E453A80C9400} = {77F68C85-1E19-42BB-9C6D-1B2D9535F4FF}
		{37BBCBE0-8B56-44C3-BD98-FFC41C546F85} = {77F68C85-1E19-42BB-9C6D-1B2D9535F4FF}
		{45BA0E4D-320A-48B3-8929-F6D111392D36} = {9ABAB97D-1416-42BF-A1C1-22D056660551}
		{7F4E1E4A-5B1E-4B39-B933-DA06B8AD5CAF} = {45BA0E4D-320A-48B3-8929-F6D111392D36}
		{64BEDF32-DC78-40AD-BE36-D904FD2C6594} = {45BA0E4D-320A-48B3-8929-F6D111392D36}
		{A94C2B7E-21EC-4858-B2E0-779E7629149A} = {9ABAB97D-1416-42BF-A1C1-22D056660551}
		{774C8010-9F6B-4EF1-9CF6-02C4CF11D499} = {A94C2B7E-21EC-4858-B2E0-779E7629149A}
		{0385D900-ED1A-4569-9F45-42BCD0E64BB3} = {A94C2B7E-21EC-4858-B2E0-779E7629149A}
		{63C25C49-0C4C-4BCA-BEEB-AE1AABAE1D83} = {A94C2B7E-21EC-4858-B2E0-779E7629149A}
		{375DD9EA-89BB-4CC2-98B3-6A153605F3E1} = {A94C2B7E-21EC-4858-B2E0-779E7629149A}
		{ED31909A-D9F6-4F4D-9089-E3C530554AEB} = {A94C2B7E-21EC-4858-B2E0-779E7629149A}
		{8D997177-38E3-4A25-AEC5-0DDAA9B1EF0F} = {9ABAB97D-1416-42BF-A1C1-22D056660551}
		{4EC6CD90-F387-4BCC-9E98-078B7D315FF8} = {8D997177-38E3-4A25-AEC5-0DDAA9B1EF0F}
		{87969FC3-FED5-48C0-9A2F-A268B6319067} = {8D997177-38E3-4A25-AEC5-0DDAA9B1EF0F}
		{E8082BDA-9F2B-4362-AC3F-FE0FF7E00058} = {8D997177-38E3-4A25-AEC5-0DDAA9B1EF0F}
	EndGlobalSection
	GlobalSection(ProjectConfigurationPlatforms) = postSolution
		{1ADED96C-6A35-437D-9051-B672ADAF419F}.Debug|Any CPU.ActiveCfg = Debug|Any CPU
		{1ADED96C-6A35-437D-9051-B672ADAF419F}.Debug|Any CPU.Build.0 = Debug|Any CPU
		{1ADED96C-6A35-437D-9051-B672ADAF419F}.Release|Any CPU.ActiveCfg = Release|Any CPU
		{1ADED96C-6A35-437D-9051-B672ADAF419F}.Release|Any CPU.Build.0 = Release|Any CPU
		{EBAB1526-FEF0-4FEE-BE69-75C80509F56C}.Debug|Any CPU.ActiveCfg = Debug|Any CPU
		{EBAB1526-FEF0-4FEE-BE69-75C80509F56C}.Debug|Any CPU.Build.0 = Debug|Any CPU
		{EBAB1526-FEF0-4FEE-BE69-75C80509F56C}.Release|Any CPU.ActiveCfg = Release|Any CPU
		{EBAB1526-FEF0-4FEE-BE69-75C80509F56C}.Release|Any CPU.Build.0 = Release|Any CPU
		{A99887CD-01A7-426B-B1F7-9D0C5BA47C99}.Debug|Any CPU.ActiveCfg = Debug|Any CPU
		{A99887CD-01A7-426B-B1F7-9D0C5BA47C99}.Debug|Any CPU.Build.0 = Debug|Any CPU
		{A99887CD-01A7-426B-B1F7-9D0C5BA47C99}.Release|Any CPU.ActiveCfg = Release|Any CPU
		{A99887CD-01A7-426B-B1F7-9D0C5BA47C99}.Release|Any CPU.Build.0 = Release|Any CPU
		{A1404E6A-3520-4364-8AEF-31909583D33C}.Debug|Any CPU.ActiveCfg = Debug|Any CPU
		{A1404E6A-3520-4364-8AEF-31909583D33C}.Debug|Any CPU.Build.0 = Debug|Any CPU
		{A1404E6A-3520-4364-8AEF-31909583D33C}.Release|Any CPU.ActiveCfg = Release|Any CPU
		{A1404E6A-3520-4364-8AEF-31909583D33C}.Release|Any CPU.Build.0 = Release|Any CPU
		{05A57D42-C509-40EB-BF05-B1F919F95FCF}.Debug|Any CPU.ActiveCfg = Debug|Any CPU
		{05A57D42-C509-40EB-BF05-B1F919F95FCF}.Debug|Any CPU.Build.0 = Debug|Any CPU
		{05A57D42-C509-40EB-BF05-B1F919F95FCF}.Release|Any CPU.ActiveCfg = Release|Any CPU
		{05A57D42-C509-40EB-BF05-B1F919F95FCF}.Release|Any CPU.Build.0 = Release|Any CPU
		{50577F5F-AC0E-43BE-9D4A-5679CA0A4819}.Debug|Any CPU.ActiveCfg = Debug|Any CPU
		{50577F5F-AC0E-43BE-9D4A-5679CA0A4819}.Debug|Any CPU.Build.0 = Debug|Any CPU
		{50577F5F-AC0E-43BE-9D4A-5679CA0A4819}.Release|Any CPU.ActiveCfg = Release|Any CPU
		{50577F5F-AC0E-43BE-9D4A-5679CA0A4819}.Release|Any CPU.Build.0 = Release|Any CPU
		{DD621743-B05D-4AD5-A38C-826AF75DFB57}.Debug|Any CPU.ActiveCfg = Debug|Any CPU
		{DD621743-B05D-4AD5-A38C-826AF75DFB57}.Debug|Any CPU.Build.0 = Debug|Any CPU
		{DD621743-B05D-4AD5-A38C-826AF75DFB57}.Release|Any CPU.ActiveCfg = Release|Any CPU
		{DD621743-B05D-4AD5-A38C-826AF75DFB57}.Release|Any CPU.Build.0 = Release|Any CPU
		{2918C57C-4BE0-4F34-9668-AF9FFC39AA9B}.Debug|Any CPU.ActiveCfg = Debug|Any CPU
		{2918C57C-4BE0-4F34-9668-AF9FFC39AA9B}.Debug|Any CPU.Build.0 = Debug|Any CPU
		{2918C57C-4BE0-4F34-9668-AF9FFC39AA9B}.Release|Any CPU.ActiveCfg = Release|Any CPU
		{2918C57C-4BE0-4F34-9668-AF9FFC39AA9B}.Release|Any CPU.Build.0 = Release|Any CPU
		{4B542CF5-241F-4569-9236-E453A80C9400}.Debug|Any CPU.ActiveCfg = Debug|Any CPU
		{4B542CF5-241F-4569-9236-E453A80C9400}.Debug|Any CPU.Build.0 = Debug|Any CPU
		{4B542CF5-241F-4569-9236-E453A80C9400}.Release|Any CPU.ActiveCfg = Release|Any CPU
		{4B542CF5-241F-4569-9236-E453A80C9400}.Release|Any CPU.Build.0 = Release|Any CPU
		{37BBCBE0-8B56-44C3-BD98-FFC41C546F85}.Debug|Any CPU.ActiveCfg = Debug|Any CPU
		{37BBCBE0-8B56-44C3-BD98-FFC41C546F85}.Debug|Any CPU.Build.0 = Debug|Any CPU
		{37BBCBE0-8B56-44C3-BD98-FFC41C546F85}.Release|Any CPU.ActiveCfg = Release|Any CPU
		{37BBCBE0-8B56-44C3-BD98-FFC41C546F85}.Release|Any CPU.Build.0 = Release|Any CPU
		{7F4E1E4A-5B1E-4B39-B933-DA06B8AD5CAF}.Debug|Any CPU.ActiveCfg = Debug|Any CPU
		{7F4E1E4A-5B1E-4B39-B933-DA06B8AD5CAF}.Debug|Any CPU.Build.0 = Debug|Any CPU
		{7F4E1E4A-5B1E-4B39-B933-DA06B8AD5CAF}.Release|Any CPU.ActiveCfg = Release|Any CPU
		{7F4E1E4A-5B1E-4B39-B933-DA06B8AD5CAF}.Release|Any CPU.Build.0 = Release|Any CPU
		{64BEDF32-DC78-40AD-BE36-D904FD2C6594}.Debug|Any CPU.ActiveCfg = Debug|Any CPU
		{64BEDF32-DC78-40AD-BE36-D904FD2C6594}.Debug|Any CPU.Build.0 = Debug|Any CPU
		{64BEDF32-DC78-40AD-BE36-D904FD2C6594}.Release|Any CPU.ActiveCfg = Release|Any CPU
		{64BEDF32-DC78-40AD-BE36-D904FD2C6594}.Release|Any CPU.Build.0 = Release|Any CPU
		{774C8010-9F6B-4EF1-9CF6-02C4CF11D499}.Debug|Any CPU.ActiveCfg = Debug|Any CPU
		{774C8010-9F6B-4EF1-9CF6-02C4CF11D499}.Debug|Any CPU.Build.0 = Debug|Any CPU
		{774C8010-9F6B-4EF1-9CF6-02C4CF11D499}.Release|Any CPU.ActiveCfg = Release|Any CPU
		{774C8010-9F6B-4EF1-9CF6-02C4CF11D499}.Release|Any CPU.Build.0 = Release|Any CPU
		{0385D900-ED1A-4569-9F45-42BCD0E64BB3}.Debug|Any CPU.ActiveCfg = Debug|Any CPU
		{0385D900-ED1A-4569-9F45-42BCD0E64BB3}.Debug|Any CPU.Build.0 = Debug|Any CPU
		{0385D900-ED1A-4569-9F45-42BCD0E64BB3}.Release|Any CPU.ActiveCfg = Release|Any CPU
		{0385D900-ED1A-4569-9F45-42BCD0E64BB3}.Release|Any CPU.Build.0 = Release|Any CPU
		{63C25C49-0C4C-4BCA-BEEB-AE1AABAE1D83}.Debug|Any CPU.ActiveCfg = Debug|Any CPU
		{63C25C49-0C4C-4BCA-BEEB-AE1AABAE1D83}.Debug|Any CPU.Build.0 = Debug|Any CPU
		{63C25C49-0C4C-4BCA-BEEB-AE1AABAE1D83}.Release|Any CPU.ActiveCfg = Release|Any CPU
		{63C25C49-0C4C-4BCA-BEEB-AE1AABAE1D83}.Release|Any CPU.Build.0 = Release|Any CPU
		{375DD9EA-89BB-4CC2-98B3-6A153605F3E1}.Debug|Any CPU.ActiveCfg = Debug|Any CPU
		{375DD9EA-89BB-4CC2-98B3-6A153605F3E1}.Debug|Any CPU.Build.0 = Debug|Any CPU
		{375DD9EA-89BB-4CC2-98B3-6A153605F3E1}.Release|Any CPU.ActiveCfg = Release|Any CPU
		{375DD9EA-89BB-4CC2-98B3-6A153605F3E1}.Release|Any CPU.Build.0 = Release|Any CPU
		{ED31909A-D9F6-4F4D-9089-E3C530554AEB}.Debug|Any CPU.ActiveCfg = Debug|Any CPU
		{ED31909A-D9F6-4F4D-9089-E3C530554AEB}.Debug|Any CPU.Build.0 = Debug|Any CPU
		{ED31909A-D9F6-4F4D-9089-E3C530554AEB}.Release|Any CPU.ActiveCfg = Release|Any CPU
		{ED31909A-D9F6-4F4D-9089-E3C530554AEB}.Release|Any CPU.Build.0 = Release|Any CPU
		{4EC6CD90-F387-4BCC-9E98-078B7D315FF8}.Debug|Any CPU.ActiveCfg = Debug|Any CPU
		{4EC6CD90-F387-4BCC-9E98-078B7D315FF8}.Debug|Any CPU.Build.0 = Debug|Any CPU
		{4EC6CD90-F387-4BCC-9E98-078B7D315FF8}.Release|Any CPU.ActiveCfg = Release|Any CPU
		{4EC6CD90-F387-4BCC-9E98-078B7D315FF8}.Release|Any CPU.Build.0 = Release|Any CPU
		{87969FC3-FED5-48C0-9A2F-A268B6319067}.Debug|Any CPU.ActiveCfg = Debug|Any CPU
		{87969FC3-FED5-48C0-9A2F-A268B6319067}.Debug|Any CPU.Build.0 = Debug|Any CPU
		{87969FC3-FED5-48C0-9A2F-A268B6319067}.Release|Any CPU.ActiveCfg = Release|Any CPU
		{87969FC3-FED5-48C0-9A2F-A268B6319067}.Release|Any CPU.Build.0 = Release|Any CPU
		{E8082BDA-9F2B-4362-AC3F-FE0FF7E00058}.Debug|Any CPU.ActiveCfg = Debug|Any CPU
		{E8082BDA-9F2B-4362-AC3F-FE0FF7E00058}.Debug|Any CPU.Build.0 = Debug|Any CPU
		{E8082BDA-9F2B-4362-AC3F-FE0FF7E00058}.Release|Any CPU.ActiveCfg = Release|Any CPU
		{E8082BDA-9F2B-4362-AC3F-FE0FF7E00058}.Release|Any CPU.Build.0 = Release|Any CPU
	EndGlobalSection
EndGlobal
